{
  "name": "@bernskioldmedia/accordion",
  "version": "1.0.4",
  "lockfileVersion": 1,
  "requires": true,
  "dependencies": {
    "badger-accordion": {
      "version": "1.2.4",
      "resolved": "https://registry.npmjs.org/badger-accordion/-/badger-accordion-1.2.4.tgz",
      "integrity": "sha512-bWiUY6Y66Ghc7Wxg1lELIGQtB2+G/2qXDoO5k86wBYb56qV8CpQ9J9IeslZgU3bu+1unJ1BOscRX1bltV65HuA=="
    }
  }
}
