{
  "name": "@bernskioldmedia/modals",
  "version": "1.0.3",
  "lockfileVersion": 1,
  "requires": true,
  "dependencies": {
    "@bernskioldmedia/scroll-lock": {
      "version": "1.0.1",
      "resolved": "https://registry.npmjs.org/@bernskioldmedia/scroll-lock/-/scroll-lock-1.0.1.tgz",
      "integrity": "sha512-anL1XQk6pUias73xjSt/mSvC9jhz0TL57tZNjZh9j9EHA9wznXj7izHn/OLqB0TSVKqRtWDlKdSujD1DmUftfQ==",
      "requires": {
        "jquery": "^3.4.1"
      }
    },
    "jquery": {
      "version": "3.5.1",
      "resolved": "https://registry.npmjs.org/jquery/-/jquery-3.5.1.tgz",
      "integrity": "sha512-XwIBPqcMn57FxfT+Go5pzySnm4KWkT1Tv7gjrpT1srtf8Weynl6R273VJ5GjkRb51IzMp5nbaPjJXMWeju2MKg=="
    }
  }
}
