{
  "name": "@bernskioldmedia/modals",
  "version": "1.0.4",
  "lockfileVersion": 1,
  "requires": true,
  "dependencies": {
    "@bernskioldmedia/scroll-lock": {
      "version": "1.0.2",
      "resolved": "https://registry.npmjs.org/@bernskioldmedia/scroll-lock/-/scroll-lock-1.0.2.tgz",
      "integrity": "sha512-NYAHa3wWyLHb2MHI2GipfubLgWrayCDWr8XOxMC7T2WxBdfjjjyxNjgjjzu+pTk/OMREHMzOjGx0tunjGjxekQ==",
      "requires": {
        "jquery": "^3.5.1"
      }
    },
    "jquery": {
      "version": "3.5.1",
      "resolved": "https://registry.npmjs.org/jquery/-/jquery-3.5.1.tgz",
      "integrity": "sha512-XwIBPqcMn57FxfT+Go5pzySnm4KWkT1Tv7gjrpT1srtf8Weynl6R273VJ5GjkRb51IzMp5nbaPjJXMWeju2MKg=="
    }
  }
}
